
Microsoft Visual Studio Solution File, Format Version 12.00
# Visual Studio Version 17
VisualStudioVersion = 17.8.34330.188
MinimumVisualStudioVersion = 10.0.40219.1
Project("{FAE04EC0-301F-11D3-BF4B-00C04F79EFBC}") = "WebApi", "WebApi\WebApi.csproj", "{0827C476-DCD6-4A00-A615-F47A96502958}"
EndProject
Project("{FAE04EC0-301F-11D3-BF4B-00C04F79EFBC}") = "Business", "Business\Business.csproj", "{1E6145BF-2B00-43EC-96E6-12820D39467B}"
EndProject
Project("{FAE04EC0-301F-11D3-BF4B-00C04F79EFBC}") = "DataAccess", "DataAccess\DataAccess.csproj", "{C85C339B-399E-4B36-BF4A-016F11F841D7}"
EndProject
Project("{FAE04EC0-301F-11D3-BF4B-00C04F79EFBC}") = "Entities", "Entities\Entities.csproj", "{50A53F9D-9C66-4BDA-AB31-391F7CCA37FF}"
EndProject
Project("{FAE04EC0-301F-11D3-BF4B-00C04F79EFBC}") = "Core", "Core\Core.csproj", "{E1D1C4CF-56DE-4EE5-858C-A5A08118EC92}"
EndProject
Global
	GlobalSection(SolutionConfigurationPlatforms) = preSolution
		Debug|Any CPU = Debug|Any CPU
		Release|Any CPU = Release|Any CPU
	EndGlobalSection
	GlobalSection(ProjectConfigurationPlatforms) = postSolution
		{0827C476-DCD6-4A00-A615-F47A96502958}.Debug|Any CPU.ActiveCfg = Debug|Any CPU
		{0827C476-DCD6-4A00-A615-F47A96502958}.Debug|Any CPU.Build.0 = Debug|Any CPU
		{0827C476-DCD6-4A00-A615-F47A96502958}.Release|Any CPU.ActiveCfg = Release|Any CPU
		{0827C476-DCD6-4A00-A615-F47A96502958}.Release|Any CPU.Build.0 = Release|Any CPU
		{1E6145BF-2B00-43EC-96E6-12820D39467B}.Debug|Any CPU.ActiveCfg = Debug|Any CPU
		{1E6145BF-2B00-43EC-96E6-12820D39467B}.Debug|Any CPU.Build.0 = Debug|Any CPU
		{1E6145BF-2B00-43EC-96E6-12820D39467B}.Release|Any CPU.ActiveCfg = Release|Any CPU
		{1E6145BF-2B00-43EC-96E6-12820D39467B}.Release|Any CPU.Build.0 = Release|Any CPU
		{C85C339B-399E-4B36-BF4A-016F11F841D7}.Debug|Any CPU.ActiveCfg = Debug|Any CPU
		{C85C339B-399E-4B36-BF4A-016F11F841D7}.Debug|Any CPU.Build.0 = Debug|Any CPU
		{C85C339B-399E-4B36-BF4A-016F11F841D7}.Release|Any CPU.ActiveCfg = Release|Any CPU
		{C85C339B-399E-4B36-BF4A-016F11F841D7}.Release|Any CPU.Build.0 = Release|Any CPU
		{50A53F9D-9C66-4BDA-AB31-391F7CCA37FF}.Debug|Any CPU.ActiveCfg = Debug|Any CPU
		{50A53F9D-9C66-4BDA-AB31-391F7CCA37FF}.Debug|Any CPU.Build.0 = Debug|Any CPU
		{50A53F9D-9C66-4BDA-AB31-391F7CCA37FF}.Release|Any CPU.ActiveCfg = Release|Any CPU
		{50A53F9D-9C66-4BDA-AB31-391F7CCA37FF}.Release|Any CPU.Build.0 = Release|Any CPU
		{E1D1C4CF-56DE-4EE5-858C-A5A08118EC92}.Debug|Any CPU.ActiveCfg = Debug|Any CPU
		{E1D1C4CF-56DE-4EE5-858C-A5A08118EC92}.Debug|Any CPU.Build.0 = Debug|Any CPU
		{E1D1C4CF-56DE-4EE5-858C-A5A08118EC92}.Release|Any CPU.ActiveCfg = Release|Any CPU
		{E1D1C4CF-56DE-4EE5-858C-A5A08118EC92}.Release|Any CPU.Build.0 = Release|Any CPU
	EndGlobalSection
	GlobalSection(SolutionProperties) = preSolution
		HideSolutionNode = FALSE
	EndGlobalSection
	GlobalSection(ExtensibilityGlobals) = postSolution
		SolutionGuid = {0B7E2864-CA70-449A-96E2-27D3028E5937}
	EndGlobalSection
EndGlobal
