
Microsoft Visual Studio Solution File, Format Version 12.00
# Visual Studio Version 17
VisualStudioVersion = 17.8.34330.188
MinimumVisualStudioVersion = 10.0.40219.1
Project("{FAE04EC0-301F-11D3-BF4B-00C04F79EFBC}") = "Workaround", "Workaround\Workaround.csproj", "{EE7E2CB6-C0D9-483F-9488-372D9E56A9B9}"
EndProject
Project("{FAE04EC0-301F-11D3-BF4B-00C04F79EFBC}") = "Entities", "Entities\Entities.csproj", "{BDA51314-BEA1-43BA-9620-DB6812A20282}"
EndProject
Project("{FAE04EC0-301F-11D3-BF4B-00C04F79EFBC}") = "Business", "Business\Business.csproj", "{3341E47D-5A83-422A-8595-ECB43CB88A7E}"
EndProject
Global
	GlobalSection(SolutionConfigurationPlatforms) = preSolution
		Debug|Any CPU = Debug|Any CPU
		Release|Any CPU = Release|Any CPU
	EndGlobalSection
	GlobalSection(ProjectConfigurationPlatforms) = postSolution
		{EE7E2CB6-C0D9-483F-9488-372D9E56A9B9}.Debug|Any CPU.ActiveCfg = Debug|Any CPU
		{EE7E2CB6-C0D9-483F-9488-372D9E56A9B9}.Debug|Any CPU.Build.0 = Debug|Any CPU
		{EE7E2CB6-C0D9-483F-9488-372D9E56A9B9}.Release|Any CPU.ActiveCfg = Release|Any CPU
		{EE7E2CB6-C0D9-483F-9488-372D9E56A9B9}.Release|Any CPU.Build.0 = Release|Any CPU
		{BDA51314-BEA1-43BA-9620-DB6812A20282}.Debug|Any CPU.ActiveCfg = Debug|Any CPU
		{BDA51314-BEA1-43BA-9620-DB6812A20282}.Debug|Any CPU.Build.0 = Debug|Any CPU
		{BDA51314-BEA1-43BA-9620-DB6812A20282}.Release|Any CPU.ActiveCfg = Release|Any CPU
		{BDA51314-BEA1-43BA-9620-DB6812A20282}.Release|Any CPU.Build.0 = Release|Any CPU
		{3341E47D-5A83-422A-8595-ECB43CB88A7E}.Debug|Any CPU.ActiveCfg = Debug|Any CPU
		{3341E47D-5A83-422A-8595-ECB43CB88A7E}.Debug|Any CPU.Build.0 = Debug|Any CPU
		{3341E47D-5A83-422A-8595-ECB43CB88A7E}.Release|Any CPU.ActiveCfg = Release|Any CPU
		{3341E47D-5A83-422A-8595-ECB43CB88A7E}.Release|Any CPU.Build.0 = Release|Any CPU
	EndGlobalSection
	GlobalSection(SolutionProperties) = preSolution
		HideSolutionNode = FALSE
	EndGlobalSection
	GlobalSection(ExtensibilityGlobals) = postSolution
		SolutionGuid = {EAEDC086-639F-4ED9-BEC0-1BAB5062C4CC}
	EndGlobalSection
EndGlobal
